{
  "name": "@code0-tech/definition-reader",
  "version": "0.0.0",
  "lockfileVersion": 3,
  "requires": true,
  "packages": {
    "": {
      "name": "@code0-tech/definition-reader",
      "version": "0.0.0",
      "devDependencies": {
        "@code0-tech/sagittarius-graphql-types": "^0.0.0-00f33663039d78ad59e95306730878c687de5c48 ",
        "@types/node": "^24.1.0",
        "typescript": "^5.8.3"
      }
    },
    "node_modules/@code0-tech/sagittarius-graphql-types": {
      "version": "0.0.0-00f33663039d78ad59e95306730878c687de5c48",
      "resolved": "https://registry.npmjs.org/@code0-tech/sagittarius-graphql-types/-/sagittarius-graphql-types-0.0.0-00f33663039d78ad59e95306730878c687de5c48.tgz",
      "integrity": "sha512-g8bv5KWq+c8jd9Gb+86O3TT/Dcvt2injJcZ5aFJkN8ZZz/4VsA0EcC3h/hCsoiBIEquvAdQQVFriNAbC0JrKRA==",
      "dev": true
    },
    "node_modules/@types/node": {
      "version": "24.9.1",
      "resolved": "https://registry.npmjs.org/@types/node/-/node-24.9.1.tgz",
      "integrity": "sha512-QoiaXANRkSXK6p0Duvt56W208du4P9Uye9hWLWgGMDTEoKPhuenzNcC4vGUmrNkiOKTlIrBoyNQYNpSwfEZXSg==",
      "dev": true,
      "license": "MIT",
      "dependencies": {
        "undici-types": "~7.16.0"
      }
    },
    "node_modules/typescript": {
      "version": "5.9.3",
      "resolved": "https://registry.npmjs.org/typescript/-/typescript-5.9.3.tgz",
      "integrity": "sha512-jl1vZzPDinLr9eUt3J/t7V6FgNEw9QjvBPdysz9KfQDD41fQrC2Y4vKQdiaUpFT4bXlb1RHhLpp8wtm6M5TgSw==",
      "dev": true,
      "license": "Apache-2.0",
      "bin": {
        "tsc": "bin/tsc",
        "tsserver": "bin/tsserver"
      },
      "engines": {
        "node": ">=14.17"
      }
    },
    "node_modules/undici-types": {
      "version": "7.16.0",
      "resolved": "https://registry.npmjs.org/undici-types/-/undici-types-7.16.0.tgz",
      "integrity": "sha512-Zz+aZWSj8LE6zoxD+xrjh4VfkIG8Ya6LvYkZqtUQGJPZjYl53ypCaUwWqo7eI0x66KBGeRo+mlBEkMSeSZ38Nw==",
      "dev": true,
      "license": "MIT"
    }
  }
}
